PODS:
  - everex_tflite (0.0.1):
    - Flutter
    - TensorFlowLiteSwift (~> 2.11)
  - Flutter (1.0.0)
  - TensorFlowLiteC (2.11.0):
    - TensorFlowLiteC/Core (= 2.11.0)
  - TensorFlowLiteC/Core (2.11.0)
  - TensorFlowLiteSwift (2.11.0):
    - TensorFlowLiteSwift/Core (= 2.11.0)
  - TensorFlowLiteSwift/Core (2.11.0):
    - TensorFlowLiteC (= 2.11.0)

DEPENDENCIES:
  - everex_tflite (from `.symlinks/plugins/everex_tflite/ios`)
  - Flutter (from `Flutter`)

SPEC REPOS:
  trunk:
    - TensorFlowLiteC
    - TensorFlowLiteSwift

EXTERNAL SOURCES:
  everex_tflite:
    :path: ".symlinks/plugins/everex_tflite/ios"
  Flutter:
    :path: Flutter

SPEC CHECKSUMS:
  everex_tflite: f906bf1417595deb100122f95438c9ce71f52d9e
  Flutter: 50d75fe2f02b26cc09d224853bb45737f8b3214a
  TensorFlowLiteC: 8a8cb6fa20ad74dff29b5e490d02c36a14d48148
  TensorFlowLiteSwift: 1a5cd776a377f8d7a009b16f5904fdf91a8debfa

PODFILE CHECKSUM: cc1f88378b4bfcf93a6ce00d2c587857c6008d3b

COCOAPODS: 1.11.3
